
Microsoft Visual Studio Solution File, Format Version 11.00
# Visual Studio 2010
Project("{8BC9CEB8-8B4A-11D0-8D11-00A0C91BC942}") = "L_1_6", "L_1_6.vcxproj", "{B8FB8A1C-9CCD-4419-AF28-3694D9A0AF28}"
EndProject
Global
	GlobalSection(SolutionConfigurationPlatforms) = preSolution
		Debug|Win32 = Debug|Win32
		Release|Win32 = Release|Win32
	EndGlobalSection
	GlobalSection(ProjectConfigurationPlatforms) = postSolution
		{B8FB8A1C-9CCD-4419-AF28-3694D9A0AF28}.Debug|Win32.ActiveCfg = Debug|Win32
		{B8FB8A1C-9CCD-4419-AF28-3694D9A0AF28}.Debug|Win32.Build.0 = Debug|Win32
		{B8FB8A1C-9CCD-4419-AF28-3694D9A0AF28}.Release|Win32.ActiveCfg = Release|Win32
		{B8FB8A1C-9CCD-4419-AF28-3694D9A0AF28}.Release|Win32.Build.0 = Release|Win32
	EndGlobalSection
	GlobalSection(SolutionProperties) = preSolution
		HideSolutionNode = FALSE
	EndGlobalSection
EndGlobal
